
Microsoft Visual Studio Solution File, Format Version 12.00
# Visual Studio Version 17
VisualStudioVersion = 17.11.35219.272
MinimumVisualStudioVersion = 10.0.40219.1
Project("{FAE04EC0-301F-11D3-BF4B-00C04F79EFBC}") = "MyGarageFinderServer", "MyGarageFinderServer\MyGarageFinderServer.csproj", "{14E34F0E-99EB-4F40-A9E0-41B49ED272EB}"
EndProject
Global
	GlobalSection(SolutionConfigurationPlatforms) = preSolution
		Debug|Any CPU = Debug|Any CPU
		Release|Any CPU = Release|Any CPU
	EndGlobalSection
	GlobalSection(ProjectConfigurationPlatforms) = postSolution
		{14E34F0E-99EB-4F40-A9E0-41B49ED272EB}.Debug|Any CPU.ActiveCfg = Debug|Any CPU
		{14E34F0E-99EB-4F40-A9E0-41B49ED272EB}.Debug|Any CPU.Build.0 = Debug|Any CPU
		{14E34F0E-99EB-4F40-A9E0-41B49ED272EB}.Release|Any CPU.ActiveCfg = Release|Any CPU
		{14E34F0E-99EB-4F40-A9E0-41B49ED272EB}.Release|Any CPU.Build.0 = Release|Any CPU
	EndGlobalSection
	GlobalSection(SolutionProperties) = preSolution
		HideSolutionNode = FALSE
	EndGlobalSection
	GlobalSection(ExtensibilityGlobals) = postSolution
		SolutionGuid = {D6AEAD69-6BE3-4230-8B96-777BB285D441}
	EndGlobalSection
EndGlobal
